// !$*UTF8*$!
{
	archiveVersion = 1;
	classes = {
	};
	objectVersion = 46;
	objects = {

/* Begin PBXBuildFile section */
		D495917D1C951060004083A3 /* AppDelegate.swift in Sources */ = {isa = PBXBuildFile; fileRef = D495917C1C951060004083A3 /* AppDelegate.swift */; };
		D495917F1C951060004083A3 /* ViewController.swift in Sources */ = {isa = PBXBuildFile; fileRef = D495917E1C951060004083A3 /* ViewController.swift */; };
		D49591821C951060004083A3 /* Main.storyboard in Resources */ = {isa = PBXBuildFile; fileRef = D49591801C951060004083A3 /* Main.storyboard */; };
		D49591841C951060004083A3 /* Assets.xcassets in Resources */ = {isa = PBXBuildFile; fileRef = D49591831C951060004083A3 /* Assets.xcassets */; };
		D49591871C951060004083A3 /* LaunchScreen.storyboard in Resources */ = {isa = PBXBuildFile; fileRef = D49591851C951060004083A3 /* LaunchScreen.storyboard */; };
		D495918F1C95107C004083A3 /* TTPagingScrollView.swift in Sources */ = {isa = PBXBuildFile; fileRef = D495918E1C95107C004083A3 /* TTPagingScrollView.swift */; };
/* End PBXBuildFile section */

/* Begin PBXFileReference section */
		D49591791C951060004083A3 /* TTPagingScrollView.app */ = {isa = PBXFileReference; explicitFileType = wrapper.application; includeInIndex = 0; path = TTPagingScrollView.app; sourceTree = BUILT_PRODUCTS_DIR; };
		D495917C1C951060004083A3 /* AppDelegate.swift */ = {isa = PBXFileReference; lastKnownFileType = sourcecode.swift; path = AppDelegate.swift; sourceTree = "<group>"; };
		D495917E1C951060004083A3 /* ViewController.swift */ = {isa = PBXFileReference; lastKnownFileType = sourcecode.swift; path = ViewController.swift; sourceTree = "<group>"; };
		D49591811C951060004083A3 /* Base */ = {isa = PBXFileReference; lastKnownFileType = file.storyboard; name = Base; path = Base.lproj/Main.storyboard; sourceTree = "<group>"; };
		D49591831C951060004083A3 /* Assets.xcassets */ = {isa = PBXFileReference; lastKnownFileType = folder.assetcatalog; path = Assets.xcassets; sourceTree = "<group>"; };
		D49591861C951060004083A3 /* Base */ = {isa = PBXFileReference; lastKnownFileType = file.storyboard; name = Base; path = Base.lproj/LaunchScreen.storyboard; sourceTree = "<group>"; };
		D49591881C951060004083A3 /* Info.plist */ = {isa = PBXFileReference; lastKnownFileType = text.plist.xml; path = Info.plist; sourceTree = "<group>"; };
		D495918E1C95107C004083A3 /* TTPagingScrollView.swift */ = {isa = PBXFileReference; fileEncoding = 4; lastKnownFileType = sourcecode.swift; path = TTPagingScrollView.swift; sourceTree = "<group>"; };
/* End PBXFileReference section */

/* Begin PBXFrameworksBuildPhase section */
		D49591761C951060004083A3 /* Frameworks */ = {
			isa = PBXFrameworksBuildPhase;
			buildActionMask = 2147483647;
			files = (
			);
			runOnlyForDeploymentPostprocessing = 0;
		};
/* End PBXFrameworksBuildPhase section */

/* Begin PBXGroup section */
		D49591701C951060004083A3 = {
			isa = PBXGroup;
			children = (
				D495917B1C951060004083A3 /* TTPagingScrollView */,
				D495917A1C951060004083A3 /* Products */,
			);
			sourceTree = "<group>";
		};
		D495917A1C951060004083A3 /* Products */ = {
			isa = PBXGroup;
			children = (
				D49591791C951060004083A3 /* TTPagingScrollView.app */,
			);
			name = Products;
			sourceTree = "<group>";
		};
		D495917B1C951060004083A3 /* TTPagingScrollView */ = {
			isa = PBXGroup;
			children = (
				D495917C1C951060004083A3 /* AppDelegate.swift */,
				D495917E1C951060004083A3 /* ViewController.swift */,
				D49591801C951060004083A3 /* Main.storyboard */,
				D49591831C951060004083A3 /* Assets.xcassets */,
				D49591851C951060004083A3 /* LaunchScreen.storyboard */,
				D49591881C951060004083A3 /* Info.plist */,
				D495918E1C95107C004083A3 /* TTPagingScrollView.swift */,
			);
			path = TTPagingScrollView;
			sourceTree = "<group>";
		};
/* End PBXGroup section */

/* Begin PBXNativeTarget section */
		D49591781C951060004083A3 /* TTPagingScrollView */ = {
			isa = PBXNativeTarget;
			buildConfigurationList = D495918B1C951060004083A3 /* Build configuration list for PBXNativeTarget "TTPagingScrollView" */;
			buildPhases = (
				D49591751C951060004083A3 /* Sources */,
				D49591761C951060004083A3 /* Frameworks */,
				D49591771C951060004083A3 /* Resources */,
			);
			buildRules = (
			);
			dependencies = (
			);
			name = TTPagingScrollView;
			productName = TTPagingScrollView;
			productReference = D49591791C951060004083A3 /* TTPagingScrollView.app */;
			productType = "com.apple.product-type.application";
		};
/* End PBXNativeTarget section */

/* Begin PBXProject section */
		D49591711C951060004083A3 /* Project object */ = {
			isa = PBXProject;
			attributes = {
				LastSwiftUpdateCheck = 0720;
				LastUpgradeCheck = 0720;
				ORGANIZATIONNAME = tanson;
				TargetAttributes = {
					D49591781C951060004083A3 = {
						CreatedOnToolsVersion = 7.2;
						DevelopmentTeam = 22EJHDNHE4;
					};
				};
			};
			buildConfigurationList = D49591741C951060004083A3 /* Build configuration list for PBXProject "TTPagingScrollView" */;
			compatibilityVersion = "Xcode 3.2";
			developmentRegion = English;
			hasScannedForEncodings = 0;
			knownRegions = (
				en,
				Base,
			);
			mainGroup = D49591701C951060004083A3;
			productRefGroup = D495917A1C951060004083A3 /* Products */;
			projectDirPath = "";
			projectRoot = "";
			targets = (
				D49591781C951060004083A3 /* TTPagingScrollView */,
			);
		};
/* End PBXProject section */

/* Begin PBXResourcesBuildPhase section */
		D49591771C951060004083A3 /* Resources */ = {
			isa = PBXResourcesBuildPhase;
			buildActionMask = 2147483647;
			files = (
				D49591871C951060004083A3 /* LaunchScreen.storyboard in Resources */,
				D49591841C951060004083A3 /* Assets.xcassets in Resources */,
				D49591821C951060004083A3 /* Main.storyboard in Resources */,
			);
			runOnlyForDeploymentPostprocessing = 0;
		};
/* End PBXResourcesBuildPhase section */

/* Begin PBXSourcesBuildPhase section */
		D49591751C951060004083A3 /* Sources */ = {
			isa = PBXSourcesBuildPhase;
			buildActionMask = 2147483647;
			files = (
				D495917F1C951060004083A3 /* ViewController.swift in Sources */,
				D495917D1C951060004083A3 /* AppDelegate.swift in Sources */,
				D495918F1C95107C004083A3 /* TTPagingScrollView.swift in Sources */,
			);
			runOnlyForDeploymentPostprocessing = 0;
		};
/* End PBXSourcesBuildPhase section */

/* Begin PBXVariantGroup section */
		D49591801C951060004083A3 /* Main.storyboard */ = {
			isa = PBXVariantGroup;
			children = (
				D49591811C951060004083A3 /* Base */,
			);
			name = Main.storyboard;
			sourceTree = "<group>";
		};
		D49591851C951060004083A3 /* LaunchScreen.storyboard */ = {
			isa = PBXVariantGroup;
			children = (
				D49591861C951060004083A3 /* Base */,
			);
			name = LaunchScreen.storyboard;
			sourceTree = "<group>";
		};
/* End PBXVariantGroup section */

/* Begin XCBuildConfiguration section */
		D49591891C951060004083A3 /* Debug */ = {
			isa = XCBuildConfiguration;
			buildSettings = {
				ALWAYS_SEARCH_USER_PATHS = NO;
				CLANG_CXX_LANGUAGE_STANDARD = "gnu++0x";
				CLANG_CXX_LIBRARY = "libc++";
				CLANG_ENABLE_MODULES = YES;
				CLANG_ENABLE_OBJC_ARC = YES;
				CLANG_WARN_BOOL_CONVERSION = YES;
				CLANG_WARN_CONSTANT_CONVERSION = YES;
				CLANG_WARN_DIRECT_OBJC_ISA_USAGE = YES_ERROR;
				CLANG_WARN_EMPTY_BODY = YES;
				CLANG_WARN_ENUM_CONVERSION = YES;
				CLANG_WARN_INT_CONVERSION = YES;
				CLANG_WARN_OBJC_ROOT_CLASS = YES_ERROR;
				CLANG_WARN_UNREACHABLE_CODE = YES;
				CLANG_WARN__DUPLICATE_METHOD_MATCH = YES;
				"CODE_SIGN_IDENTITY[sdk=iphoneos*]" = "iPhone Developer";
				COPY_PHASE_STRIP = NO;
				DEBUG_INFORMATION_FORMAT = dwarf;
				ENABLE_STRICT_OBJC_MSGSEND = YES;
				ENABLE_TESTABILITY = YES;
				GCC_C_LANGUAGE_STANDARD = gnu99;
				GCC_DYNAMIC_NO_PIC = NO;
				GCC_NO_COMMON_BLOCKS = YES;
				GCC_OPTIMIZATION_LEVEL = 0;
				GCC_PREPROCESSOR_DEFINITIONS = (
					"DEBUG=1",
					"$(inherited)",
				);
				GCC_WARN_64_TO_32_BIT_CONVERSION = YES;
				GCC_WARN_ABOUT_RETURN_TYPE = YES_ERROR;
				GCC_WARN_UNDECLARED_SELECTOR = YES;
				GCC_WARN_UNINITIALIZED_AUTOS = YES_AGGRESSIVE;
				GCC_WARN_UNUSED_FUNCTION = YES;
				GCC_WARN_UNUSED_VARIABLE = YES;
				IPHONEOS_DEPLOYMENT_TARGET = 9.2;
				MTL_ENABLE_DEBUG_INFO = YES;
				ONLY_ACTIVE_ARCH = YES;
				SDKROOT = iphoneos;
				SWIFT_OPTIMIZATION_LEVEL = "-Onone";
			};
			name = Debug;
		};
		D495918A1C951060004083A3 /* Release */ = {
			isa = XCBuildConfiguration;
			buildSettings = {
				ALWAYS_SEARCH_USER_PATHS = NO;
				CLANG_CXX_LANGUAGE_STANDARD = "gnu++0x";
				CLANG_CXX_LIBRARY = "libc++";
				CLANG_ENABLE_MODULES = YES;
				CLANG_ENABLE_OBJC_ARC = YES;
				CLANG_WARN_BOOL_CONVERSION = YES;
				CLANG_WARN_CONSTANT_CONVERSION = YES;
				CLANG_WARN_DIRECT_OBJC_ISA_USAGE = YES_ERROR;
				CLANG_WARN_EMPTY_BODY = YES;
				CLANG_WARN_ENUM_CONVERSION = YES;
				CLANG_WARN_INT_CONVERSION = YES;
				CLANG_WARN_OBJC_ROOT_CLASS = YES_ERROR;
				CLANG_WARN_UNREACHABLE_CODE = YES;
				CLANG_WARN__DUPLICATE_METHOD_MATCH = YES;
				"CODE_SIGN_IDENTITY[sdk=iphoneos*]" = "iPhone Developer";
				COPY_PHASE_STRIP = NO;
				DEBUG_INFORMATION_FORMAT = "dwarf-with-dsym";
				ENABLE_NS_ASSERTIONS = NO;
				ENABLE_STRICT_OBJC_MSGSEND = YES;
				GCC_C_LANGUAGE_STANDARD = gnu99;
				GCC_NO_COMMON_BLOCKS = YES;
				GCC_WARN_64_TO_32_BIT_CONVERSION = YES;
				GCC_WARN_ABOUT_RETURN_TYPE = YES_ERROR;
				GCC_WARN_UNDECLARED_SELECTOR = YES;
				GCC_WARN_UNINITIALIZED_AUTOS = YES_AGGRESSIVE;
				GCC_WARN_UNUSED_FUNCTION = YES;
				GCC_WARN_UNUSED_VARIABLE = YES;
				IPHONEOS_DEPLOYMENT_TARGET = 9.2;
				MTL_ENABLE_DEBUG_INFO = NO;
				SDKROOT = iphoneos;
				VALIDATE_PRODUCT = YES;
			};
			name = Release;
		};
		D495918C1C951060004083A3 /* Debug */ = {
			isa = XCBuildConfiguration;
			buildSettings = {
				ASSETCATALOG_COMPILER_APPICON_NAME = AppIcon;
				INFOPLIST_FILE = TTPagingScrollView/Info.plist;
				LD_RUNPATH_SEARCH_PATHS = "$(inherited) @executable_path/Frameworks";
				PRODUCT_BUNDLE_IDENTIFIER = com.tanson.TTKit.TTPagingScrollView;
				PRODUCT_NAME = "$(TARGET_NAME)";
			};
			name = Debug;
		};
		D495918D1C951060004083A3 /* Release */ = {
			isa = XCBuildConfiguration;
			buildSettings = {
				ASSETCATALOG_COMPILER_APPICON_NAME = AppIcon;
				INFOPLIST_FILE = TTPagingScrollView/Info.plist;
				LD_RUNPATH_SEARCH_PATHS = "$(inherited) @executable_path/Frameworks";
				PRODUCT_BUNDLE_IDENTIFIER = com.tanson.TTKit.TTPagingScrollView;
				PRODUCT_NAME = "$(TARGET_NAME)";
			};
			name = Release;
		};
/* End XCBuildConfiguration section */

/* Begin XCConfigurationList section */
		D49591741C951060004083A3 /* Build configuration list for PBXProject "TTPagingScrollView" */ = {
			isa = XCConfigurationList;
			buildConfigurations = (
				D49591891C951060004083A3 /* Debug */,
				D495918A1C951060004083A3 /* Release */,
			);
			defaultConfigurationIsVisible = 0;
			defaultConfigurationName = Release;
		};
		D495918B1C951060004083A3 /* Build configuration list for PBXNativeTarget "TTPagingScrollView" */ = {
			isa = XCConfigurationList;
			buildConfigurations = (
				D495918C1C951060004083A3 /* Debug */,
				D495918D1C951060004083A3 /* Release */,
			);
			defaultConfigurationIsVisible = 0;
		};
/* End XCConfigurationList section */
	};
	rootObject = D49591711C951060004083A3 /* Project object */;
}
